
Microsoft Visual Studio Solution File, Format Version 12.00
# Visual Studio Version 16
VisualStudioVersion = 16.0.30907.101
MinimumVisualStudioVersion = 10.0.40219.1
Project("{FAE04EC0-301F-11D3-BF4B-00C04F79EFBC}") = "ClassMetotDemo", "ClassMetotDemo\ClassMetotDemo.csproj", "{17BD22EA-B023-41AB-9543-524457A70B30}"
EndProject
Global
	GlobalSection(SolutionConfigurationPlatforms) = preSolution
		Debug|Any CPU = Debug|Any CPU
		Release|Any CPU = Release|Any CPU
	EndGlobalSection
	GlobalSection(ProjectConfigurationPlatforms) = postSolution
		{17BD22EA-B023-41AB-9543-524457A70B30}.Debug|Any CPU.ActiveCfg = Debug|Any CPU
		{17BD22EA-B023-41AB-9543-524457A70B30}.Debug|Any CPU.Build.0 = Debug|Any CPU
		{17BD22EA-B023-41AB-9543-524457A70B30}.Release|Any CPU.ActiveCfg = Release|Any CPU
		{17BD22EA-B023-41AB-9543-524457A70B30}.Release|Any CPU.Build.0 = Release|Any CPU
	EndGlobalSection
	GlobalSection(SolutionProperties) = preSolution
		HideSolutionNode = FALSE
	EndGlobalSection
	GlobalSection(ExtensibilityGlobals) = postSolution
		SolutionGuid = {4A02D0B3-8C95-43DC-94F7-2398281FBE15}
	EndGlobalSection
EndGlobal
